// !$*UTF8*$!
{
	archiveVersion = 1;
	classes = {
	};
	objectVersion = 46;
	objects = {

/* Begin PBXBuildFile section */
		884A18331D74D938004AC6A7 /* AppDelegate.swift in Sources */ = {isa = PBXBuildFile; fileRef = 884A18321D74D938004AC6A7 /* AppDelegate.swift */; };
		884A18351D74D938004AC6A7 /* ViewController.swift in Sources */ = {isa = PBXBuildFile; fileRef = 884A18341D74D938004AC6A7 /* ViewController.swift */; };
		884A18381D74D938004AC6A7 /* Main.storyboard in Resources */ = {isa = PBXBuildFile; fileRef = 884A18361D74D938004AC6A7 /* Main.storyboard */; };
		884A183A1D74D938004AC6A7 /* Assets.xcassets in Resources */ = {isa = PBXBuildFile; fileRef = 884A18391D74D938004AC6A7 /* Assets.xcassets */; };
		884A183D1D74D938004AC6A7 /* LaunchScreen.storyboard in Resources */ = {isa = PBXBuildFile; fileRef = 884A183B1D74D938004AC6A7 /* LaunchScreen.storyboard */; };
		884A18461D74DB11004AC6A7 /* LoginController.swift in Sources */ = {isa = PBXBuildFile; fileRef = 884A18451D74DB11004AC6A7 /* LoginController.swift */; };
/* End PBXBuildFile section */

/* Begin PBXFileReference section */
		884A182F1D74D938004AC6A7 /* ChattingApp.app */ = {isa = PBXFileReference; explicitFileType = wrapper.application; includeInIndex = 0; path = ChattingApp.app; sourceTree = BUILT_PRODUCTS_DIR; };
		884A18321D74D938004AC6A7 /* AppDelegate.swift */ = {isa = PBXFileReference; lastKnownFileType = sourcecode.swift; path = AppDelegate.swift; sourceTree = "<group>"; };
		884A18341D74D938004AC6A7 /* ViewController.swift */ = {isa = PBXFileReference; lastKnownFileType = sourcecode.swift; path = ViewController.swift; sourceTree = "<group>"; };
		884A18371D74D938004AC6A7 /* Base */ = {isa = PBXFileReference; lastKnownFileType = file.storyboard; name = Base; path = Base.lproj/Main.storyboard; sourceTree = "<group>"; };
		884A18391D74D938004AC6A7 /* Assets.xcassets */ = {isa = PBXFileReference; lastKnownFileType = folder.assetcatalog; path = Assets.xcassets; sourceTree = "<group>"; };
		884A183C1D74D938004AC6A7 /* Base */ = {isa = PBXFileReference; lastKnownFileType = file.storyboard; name = Base; path = Base.lproj/LaunchScreen.storyboard; sourceTree = "<group>"; };
		884A183E1D74D938004AC6A7 /* Info.plist */ = {isa = PBXFileReference; lastKnownFileType = text.plist.xml; path = Info.plist; sourceTree = "<group>"; };
		884A18451D74DB11004AC6A7 /* LoginController.swift */ = {isa = PBXFileReference; fileEncoding = 4; lastKnownFileType = sourcecode.swift; path = LoginController.swift; sourceTree = "<group>"; };
/* End PBXFileReference section */

/* Begin PBXFrameworksBuildPhase section */
		884A182C1D74D938004AC6A7 /* Frameworks */ = {
			isa = PBXFrameworksBuildPhase;
			buildActionMask = 2147483647;
			files = (
			);
			runOnlyForDeploymentPostprocessing = 0;
		};
/* End PBXFrameworksBuildPhase section */

/* Begin PBXGroup section */
		884A18261D74D938004AC6A7 = {
			isa = PBXGroup;
			children = (
				884A18311D74D938004AC6A7 /* ChattingApp */,
				884A18301D74D938004AC6A7 /* Products */,
			);
			sourceTree = "<group>";
		};
		884A18301D74D938004AC6A7 /* Products */ = {
			isa = PBXGroup;
			children = (
				884A182F1D74D938004AC6A7 /* ChattingApp.app */,
			);
			name = Products;
			sourceTree = "<group>";
		};
		884A18311D74D938004AC6A7 /* ChattingApp */ = {
			isa = PBXGroup;
			children = (
				884A18441D74DAFC004AC6A7 /* Controller */,
				884A18321D74D938004AC6A7 /* AppDelegate.swift */,
				884A18361D74D938004AC6A7 /* Main.storyboard */,
				884A18391D74D938004AC6A7 /* Assets.xcassets */,
				884A183B1D74D938004AC6A7 /* LaunchScreen.storyboard */,
				884A183E1D74D938004AC6A7 /* Info.plist */,
			);
			path = ChattingApp;
			sourceTree = "<group>";
		};
		884A18441D74DAFC004AC6A7 /* Controller */ = {
			isa = PBXGroup;
			children = (
				884A18341D74D938004AC6A7 /* ViewController.swift */,
				884A18451D74DB11004AC6A7 /* LoginController.swift */,
			);
			name = Controller;
			sourceTree = "<group>";
		};
/* End PBXGroup section */

/* Begin PBXNativeTarget section */
		884A182E1D74D938004AC6A7 /* ChattingApp */ = {
			isa = PBXNativeTarget;
			buildConfigurationList = 884A18411D74D938004AC6A7 /* Build configuration list for PBXNativeTarget "ChattingApp" */;
			buildPhases = (
				884A182B1D74D938004AC6A7 /* Sources */,
				884A182C1D74D938004AC6A7 /* Frameworks */,
				884A182D1D74D938004AC6A7 /* Resources */,
			);
			buildRules = (
			);
			dependencies = (
			);
			name = ChattingApp;
			productName = ChattingApp;
			productReference = 884A182F1D74D938004AC6A7 /* ChattingApp.app */;
			productType = "com.apple.product-type.application";
		};
/* End PBXNativeTarget section */

/* Begin PBXProject section */
		884A18271D74D938004AC6A7 /* Project object */ = {
			isa = PBXProject;
			attributes = {
				LastSwiftUpdateCheck = 0730;
				LastUpgradeCheck = 0730;
				ORGANIZATIONNAME = JesseBartola;
				TargetAttributes = {
					884A182E1D74D938004AC6A7 = {
						CreatedOnToolsVersion = 7.3.1;
					};
				};
			};
			buildConfigurationList = 884A182A1D74D938004AC6A7 /* Build configuration list for PBXProject "ChattingApp" */;
			compatibilityVersion = "Xcode 3.2";
			developmentRegion = English;
			hasScannedForEncodings = 0;
			knownRegions = (
				en,
				Base,
			);
			mainGroup = 884A18261D74D938004AC6A7;
			productRefGroup = 884A18301D74D938004AC6A7 /* Products */;
			projectDirPath = "";
			projectRoot = "";
			targets = (
				884A182E1D74D938004AC6A7 /* ChattingApp */,
			);
		};
/* End PBXProject section */

/* Begin PBXResourcesBuildPhase section */
		884A182D1D74D938004AC6A7 /* Resources */ = {
			isa = PBXResourcesBuildPhase;
			buildActionMask = 2147483647;
			files = (
				884A183D1D74D938004AC6A7 /* LaunchScreen.storyboard in Resources */,
				884A183A1D74D938004AC6A7 /* Assets.xcassets in Resources */,
				884A18381D74D938004AC6A7 /* Main.storyboard in Resources */,
			);
			runOnlyForDeploymentPostprocessing = 0;
		};
/* End PBXResourcesBuildPhase section */

/* Begin PBXSourcesBuildPhase section */
		884A182B1D74D938004AC6A7 /* Sources */ = {
			isa = PBXSourcesBuildPhase;
			buildActionMask = 2147483647;
			files = (
				884A18351D74D938004AC6A7 /* ViewController.swift in Sources */,
				884A18461D74DB11004AC6A7 /* LoginController.swift in Sources */,
				884A18331D74D938004AC6A7 /* AppDelegate.swift in Sources */,
			);
			runOnlyForDeploymentPostprocessing = 0;
		};
/* End PBXSourcesBuildPhase section */

/* Begin PBXVariantGroup section */
		884A18361D74D938004AC6A7 /* Main.storyboard */ = {
			isa = PBXVariantGroup;
			children = (
				884A18371D74D938004AC6A7 /* Base */,
			);
			name = Main.storyboard;
			sourceTree = "<group>";
		};
		884A183B1D74D938004AC6A7 /* LaunchScreen.storyboard */ = {
			isa = PBXVariantGroup;
			children = (
				884A183C1D74D938004AC6A7 /* Base */,
			);
			name = LaunchScreen.storyboard;
			sourceTree = "<group>";
		};
/* End PBXVariantGroup section */

/* Begin XCBuildConfiguration section */
		884A183F1D74D938004AC6A7 /* Debug */ = {
			isa = XCBuildConfiguration;
			buildSettings = {
				ALWAYS_SEARCH_USER_PATHS = NO;
				CLANG_ANALYZER_NONNULL = YES;
				CLANG_CXX_LANGUAGE_STANDARD = "gnu++0x";
				CLANG_CXX_LIBRARY = "libc++";
				CLANG_ENABLE_MODULES = YES;
				CLANG_ENABLE_OBJC_ARC = YES;
				CLANG_WARN_BOOL_CONVERSION = YES;
				CLANG_WARN_CONSTANT_CONVERSION = YES;
				CLANG_WARN_DIRECT_OBJC_ISA_USAGE = YES_ERROR;
				CLANG_WARN_EMPTY_BODY = YES;
				CLANG_WARN_ENUM_CONVERSION = YES;
				CLANG_WARN_INT_CONVERSION = YES;
				CLANG_WARN_OBJC_ROOT_CLASS = YES_ERROR;
				CLANG_WARN_UNREACHABLE_CODE = YES;
				CLANG_WARN__DUPLICATE_METHOD_MATCH = YES;
				"CODE_SIGN_IDENTITY[sdk=iphoneos*]" = "iPhone Developer";
				COPY_PHASE_STRIP = NO;
				DEBUG_INFORMATION_FORMAT = dwarf;
				ENABLE_STRICT_OBJC_MSGSEND = YES;
				ENABLE_TESTABILITY = YES;
				GCC_C_LANGUAGE_STANDARD = gnu99;
				GCC_DYNAMIC_NO_PIC = NO;
				GCC_NO_COMMON_BLOCKS = YES;
				GCC_OPTIMIZATION_LEVEL = 0;
				GCC_PREPROCESSOR_DEFINITIONS = (
					"DEBUG=1",
					"$(inherited)",
				);
				GCC_WARN_64_TO_32_BIT_CONVERSION = YES;
				GCC_WARN_ABOUT_RETURN_TYPE = YES_ERROR;
				GCC_WARN_UNDECLARED_SELECTOR = YES;
				GCC_WARN_UNINITIALIZED_AUTOS = YES_AGGRESSIVE;
				GCC_WARN_UNUSED_FUNCTION = YES;
				GCC_WARN_UNUSED_VARIABLE = YES;
				IPHONEOS_DEPLOYMENT_TARGET = 9.3;
				MTL_ENABLE_DEBUG_INFO = YES;
				ONLY_ACTIVE_ARCH = YES;
				SDKROOT = iphoneos;
				SWIFT_OPTIMIZATION_LEVEL = "-Onone";
			};
			name = Debug;
		};
		884A18401D74D938004AC6A7 /* Release */ = {
			isa = XCBuildConfiguration;
			buildSettings = {
				ALWAYS_SEARCH_USER_PATHS = NO;
				CLANG_ANALYZER_NONNULL = YES;
				CLANG_CXX_LANGUAGE_STANDARD = "gnu++0x";
				CLANG_CXX_LIBRARY = "libc++";
				CLANG_ENABLE_MODULES = YES;
				CLANG_ENABLE_OBJC_ARC = YES;
				CLANG_WARN_BOOL_CONVERSION = YES;
				CLANG_WARN_CONSTANT_CONVERSION = YES;
				CLANG_WARN_DIRECT_OBJC_ISA_USAGE = YES_ERROR;
				CLANG_WARN_EMPTY_BODY = YES;
				CLANG_WARN_ENUM_CONVERSION = YES;
				CLANG_WARN_INT_CONVERSION = YES;
				CLANG_WARN_OBJC_ROOT_CLASS = YES_ERROR;
				CLANG_WARN_UNREACHABLE_CODE = YES;
				CLANG_WARN__DUPLICATE_METHOD_MATCH = YES;
				"CODE_SIGN_IDENTITY[sdk=iphoneos*]" = "iPhone Developer";
				COPY_PHASE_STRIP = NO;
				DEBUG_INFORMATION_FORMAT = "dwarf-with-dsym";
				ENABLE_NS_ASSERTIONS = NO;
				ENABLE_STRICT_OBJC_MSGSEND = YES;
				GCC_C_LANGUAGE_STANDARD = gnu99;
				GCC_NO_COMMON_BLOCKS = YES;
				GCC_WARN_64_TO_32_BIT_CONVERSION = YES;
				GCC_WARN_ABOUT_RETURN_TYPE = YES_ERROR;
				GCC_WARN_UNDECLARED_SELECTOR = YES;
				GCC_WARN_UNINITIALIZED_AUTOS = YES_AGGRESSIVE;
				GCC_WARN_UNUSED_FUNCTION = YES;
				GCC_WARN_UNUSED_VARIABLE = YES;
				IPHONEOS_DEPLOYMENT_TARGET = 9.3;
				MTL_ENABLE_DEBUG_INFO = NO;
				SDKROOT = iphoneos;
				VALIDATE_PRODUCT = YES;
			};
			name = Release;
		};
		884A18421D74D938004AC6A7 /* Debug */ = {
			isa = XCBuildConfiguration;
			buildSettings = {
				ASSETCATALOG_COMPILER_APPICON_NAME = AppIcon;
				INFOPLIST_FILE = ChattingApp/Info.plist;
				LD_RUNPATH_SEARCH_PATHS = "$(inherited) @executable_path/Frameworks";
				PRODUCT_BUNDLE_IDENTIFIER = com.bartola.ChattingApp;
				PRODUCT_NAME = "$(TARGET_NAME)";
			};
			name = Debug;
		};
		884A18431D74D938004AC6A7 /* Release */ = {
			isa = XCBuildConfiguration;
			buildSettings = {
				ASSETCATALOG_COMPILER_APPICON_NAME = AppIcon;
				INFOPLIST_FILE = ChattingApp/Info.plist;
				LD_RUNPATH_SEARCH_PATHS = "$(inherited) @executable_path/Frameworks";
				PRODUCT_BUNDLE_IDENTIFIER = com.bartola.ChattingApp;
				PRODUCT_NAME = "$(TARGET_NAME)";
			};
			name = Release;
		};
/* End XCBuildConfiguration section */

/* Begin XCConfigurationList section */
		884A182A1D74D938004AC6A7 /* Build configuration list for PBXProject "ChattingApp" */ = {
			isa = XCConfigurationList;
			buildConfigurations = (
				884A183F1D74D938004AC6A7 /* Debug */,
				884A18401D74D938004AC6A7 /* Release */,
			);
			defaultConfigurationIsVisible = 0;
			defaultConfigurationName = Release;
		};
		884A18411D74D938004AC6A7 /* Build configuration list for PBXNativeTarget "ChattingApp" */ = {
			isa = XCConfigurationList;
			buildConfigurations = (
				884A18421D74D938004AC6A7 /* Debug */,
				884A18431D74D938004AC6A7 /* Release */,
			);
			defaultConfigurationIsVisible = 0;
		};
/* End XCConfigurationList section */
	};
	rootObject = 884A18271D74D938004AC6A7 /* Project object */;
}
